{
  "name": "webgpuidl",
  "version": "1.0.0",
  "lockfileVersion": 3,
  "requires": true,
  "packages": {
    "": {
      "name": "webgpuidl",
      "version": "1.0.0",
      "license": "ISC",
      "dependencies": {
        "webidl2": "^24.4.1"
      }
    },
    "node_modules/webidl2": {
      "version": "24.4.1",
      "resolved": "https://registry.npmjs.org/webidl2/-/webidl2-24.4.1.tgz",
      "integrity": "sha512-cPToqvZlxTAlaMucZyU28XtFLJz3XPdTdIWK/r3IaP1jfkjqne3OTniJS8DZqfzee1aBUQn80d6s2vYert50kg==",
      "license": "W3C",
      "engines": {
        "node": ">= 14"
      }
    }
  }
}
